{
  "version": 4,
  "terraform_version": "1.9.8",
  "serial": 18,
  "lineage": "1fd8ad11-4c39-5684-a4bc-55f134d70d53",
  "outputs": {
    "instance_details": {
      "value": {
        "instance_id": "i-0a687f2035490e837",
        "instance_name": "PublicInstance",
        "instance_private_ip": "10.0.1.159",
        "instance_public_ip": "54.198.253.88",
        "security_group_id": [
          "sg-044f7951db330b0e7"
        ],
        "subnet_id": "subnet-0225ca16da7338d7c"
      },
      "type": [
        "object",
        {
          "instance_id": "string",
          "instance_name": "string",
          "instance_private_ip": "string",
          "instance_public_ip": "string",
          "security_group_id": [
            "set",
            "string"
          ],
          "subnet_id": "string"
        }
      ]
    }
  },
  "resources": [
    {
      "mode": "managed",
      "type": "aws_instance",
      "name": "public_instance",
      "provider": "provider[\"registry.terraform.io/hashicorp/aws\"]",
      "instances": [
        {
          "schema_version": 1,
          "attributes": {
            "ami": "ami-0ebfd941bbafe70c6",
            "arn": "arn:aws:ec2:us-east-1:897729131226:instance/i-0a687f2035490e837",
            "associate_public_ip_address": true,
            "availability_zone": "us-east-1a",
            "capacity_reservation_specification": [
              {
                "capacity_reservation_preference": "open",
                "capacity_reservation_target": []
              }
            ],
            "cpu_core_count": 1,
            "cpu_options": [
              {
                "amd_sev_snp": "",
                "core_count": 1,
                "threads_per_core": 1
              }
            ],
            "cpu_threads_per_core": 1,
            "credit_specification": [
              {
                "cpu_credits": "standard"
              }
            ],
            "disable_api_stop": false,
            "disable_api_termination": false,
            "ebs_block_device": [],
            "ebs_optimized": false,
            "enclave_options": [
              {
                "enabled": false
              }
            ],
            "ephemeral_block_device": [],
            "get_password_data": false,
            "hibernation": false,
            "host_id": "",
            "host_resource_group_arn": null,
            "iam_instance_profile": "",
            "id": "i-0a687f2035490e837",
            "instance_initiated_shutdown_behavior": "stop",
            "instance_lifecycle": "",
            "instance_market_options": [],
            "instance_state": "running",
            "instance_type": "t2.micro",
            "ipv6_address_count": 0,
            "ipv6_addresses": [],
            "key_name": "deployer_key",
            "launch_template": [],
            "maintenance_options": [
              {
                "auto_recovery": "default"
              }
            ],
            "metadata_options": [
              {
                "http_endpoint": "enabled",
                "http_protocol_ipv6": "disabled",
                "http_put_response_hop_limit": 2,
                "http_tokens": "required",
                "instance_metadata_tags": "disabled"
              }
            ],
            "monitoring": false,
            "network_interface": [],
            "outpost_arn": "",
            "password_data": "",
            "placement_group": "",
            "placement_partition_number": 0,
            "primary_network_interface_id": "eni-08af84e28a512350d",
            "private_dns": "ip-10-0-1-159.ec2.internal",
            "private_dns_name_options": [
              {
                "enable_resource_name_dns_a_record": false,
                "enable_resource_name_dns_aaaa_record": false,
                "hostname_type": "ip-name"
              }
            ],
            "private_ip": "10.0.1.159",
            "public_dns": "ec2-54-198-253-88.compute-1.amazonaws.com",
            "public_ip": "54.198.253.88",
            "root_block_device": [
              {
                "delete_on_termination": true,
                "device_name": "/dev/xvda",
                "encrypted": false,
                "iops": 3000,
                "kms_key_id": "",
                "tags": {},
                "tags_all": {},
                "throughput": 125,
                "volume_id": "vol-032a0f2ab55f74581",
                "volume_size": 8,
                "volume_type": "gp3"
              }
            ],
            "secondary_private_ips": [],
            "security_groups": [],
            "source_dest_check": true,
            "spot_instance_request_id": "",
            "subnet_id": "subnet-0225ca16da7338d7c",
            "tags": {
              "Name": "PublicInstance"
            },
            "tags_all": {
              "Name": "PublicInstance"
            },
            "tenancy": "default",
            "timeouts": null,
            "user_data": "5862384666359fd0af86394ff4a1625e94804b33",
            "user_data_base64": null,
            "user_data_replace_on_change": false,
            "volume_tags": null,
            "vpc_security_group_ids": [
              "sg-044f7951db330b0e7"
            ]
          },
          "sensitive_attributes": [],
          "private": "eyJlMmJmYjczMC1lY2FhLTExZTYtOGY4OC0zNDM2M2JjN2M0YzAiOnsiY3JlYXRlIjo2MDAwMDAwMDAwMDAsImRlbGV0ZSI6MTIwMDAwMDAwMDAwMCwicmVhZCI6OTAwMDAwMDAwMDAwLCJ1cGRhdGUiOjYwMDAwMDAwMDAwMH0sInNjaGVtYV92ZXJzaW9uIjoiMSJ9",
          "dependencies": [
            "aws_key_pair.deployer_key",
            "aws_security_group.web_sg",
            "aws_subnet.public_subnet_1",
            "aws_vpc.tp_cloud_devops_vpc",
            "tls_private_key.example_ssh_key"
          ]
        }
      ]
    },
    {
      "mode": "managed",
      "type": "aws_internet_gateway",
      "name": "main_gateway",
      "provider": "provider[\"registry.terraform.io/hashicorp/aws\"]",
      "instances": [
        {
          "schema_version": 0,
          "attributes": {
            "arn": "arn:aws:ec2:us-east-1:897729131226:internet-gateway/igw-0241bfff09613a6b0",
            "id": "igw-0241bfff09613a6b0",
            "owner_id": "897729131226",
            "tags": {
              "Name": "MainInternetGateway"
            },
            "tags_all": {
              "Name": "MainInternetGateway"
            },
            "timeouts": null,
            "vpc_id": "vpc-08293887d4ff580c1"
          },
          "sensitive_attributes": [],
          "private": "eyJlMmJmYjczMC1lY2FhLTExZTYtOGY4OC0zNDM2M2JjN2M0YzAiOnsiY3JlYXRlIjoxMjAwMDAwMDAwMDAwLCJkZWxldGUiOjEyMDAwMDAwMDAwMDAsInVwZGF0ZSI6MTIwMDAwMDAwMDAwMH19",
          "dependencies": [
            "aws_vpc.tp_cloud_devops_vpc"
          ]
        }
      ]
    },
    {
      "mode": "managed",
      "type": "aws_key_pair",
      "name": "deployer_key",
      "provider": "provider[\"registry.terraform.io/hashicorp/aws\"]",
      "instances": [
        {
          "schema_version": 1,
          "attributes": {
            "arn": "arn:aws:ec2:us-east-1:897729131226:key-pair/deployer_key",
            "fingerprint": "6f:b3:2f:26:6d:07:84:ac:e9:fa:c6:2e:65:9f:12:36",
            "id": "deployer_key",
            "key_name": "deployer_key",
            "key_name_prefix": "",
            "key_pair_id": "key-0f87e1176c99a5b8d",
            "key_type": "rsa",
            "public_key": "ssh-rsa AAAAB3NzaC1yc2EAAAADAQABAAABAQC0pLRg9i+7An59greQ6GHVISY+9zZk1cX5pKaFWiYxrI+pXf5jICNJKfeNEcLFGI32DQtisn6biAnKm4Hftch4Sb3e4PLRA/WAJGe8iBxwsBSvJb3W7uLNZtKmARU7yOvuk3lf5EmfKqvhgoiKZSsIzkMSMuM35Mm7lzLv8Yuy2bMGKtJo/xGZ7WsM+Uf0XATgPn/rQWMDCAYsl8z3zTHJ0gzxfZ69YtddzrLVJrSL7loRh6oh4Muo5sHg8JAxlc1/HQGSMgPveSdIS+8KjANGjQV4GS8NuqLub5WxE/6GWUisQVauhEO8cj/EN2s7ZwM7qREncEQJmHka046RS7pH",
            "tags": null,
            "tags_all": {}
          },
          "sensitive_attributes": [],
          "private": "eyJzY2hlbWFfdmVyc2lvbiI6IjEifQ==",
          "dependencies": [
            "tls_private_key.example_ssh_key"
          ]
        }
      ]
    },
    {
      "mode": "managed",
      "type": "aws_route_table",
      "name": "public_route_table",
      "provider": "provider[\"registry.terraform.io/hashicorp/aws\"]",
      "instances": [
        {
          "schema_version": 0,
          "attributes": {
            "arn": "arn:aws:ec2:us-east-1:897729131226:route-table/rtb-005f1b8ba1ac32760",
            "id": "rtb-005f1b8ba1ac32760",
            "owner_id": "897729131226",
            "propagating_vgws": [],
            "route": [
              {
                "carrier_gateway_id": "",
                "cidr_block": "0.0.0.0/0",
                "core_network_arn": "",
                "destination_prefix_list_id": "",
                "egress_only_gateway_id": "",
                "gateway_id": "igw-0241bfff09613a6b0",
                "ipv6_cidr_block": "",
                "local_gateway_id": "",
                "nat_gateway_id": "",
                "network_interface_id": "",
                "transit_gateway_id": "",
                "vpc_endpoint_id": "",
                "vpc_peering_connection_id": ""
              }
            ],
            "tags": {
              "Name": "PublicRouteTable"
            },
            "tags_all": {
              "Name": "PublicRouteTable"
            },
            "timeouts": null,
            "vpc_id": "vpc-08293887d4ff580c1"
          },
          "sensitive_attributes": [],
          "private": "eyJlMmJmYjczMC1lY2FhLTExZTYtOGY4OC0zNDM2M2JjN2M0YzAiOnsiY3JlYXRlIjozMDAwMDAwMDAwMDAsImRlbGV0ZSI6MzAwMDAwMDAwMDAwLCJ1cGRhdGUiOjEyMDAwMDAwMDAwMH19",
          "dependencies": [
            "aws_internet_gateway.main_gateway",
            "aws_vpc.tp_cloud_devops_vpc"
          ]
        }
      ]
    },
    {
      "mode": "managed",
      "type": "aws_route_table_association",
      "name": "public_rta1",
      "provider": "provider[\"registry.terraform.io/hashicorp/aws\"]",
      "instances": [
        {
          "schema_version": 0,
          "attributes": {
            "gateway_id": "",
            "id": "rtbassoc-06fcd5d6266119c03",
            "route_table_id": "rtb-005f1b8ba1ac32760",
            "subnet_id": "subnet-0225ca16da7338d7c",
            "timeouts": null
          },
          "sensitive_attributes": [],
          "private": "eyJlMmJmYjczMC1lY2FhLTExZTYtOGY4OC0zNDM2M2JjN2M0YzAiOnsiY3JlYXRlIjozMDAwMDAwMDAwMDAsImRlbGV0ZSI6MzAwMDAwMDAwMDAwLCJ1cGRhdGUiOjEyMDAwMDAwMDAwMH19",
          "dependencies": [
            "aws_internet_gateway.main_gateway",
            "aws_route_table.public_route_table",
            "aws_subnet.public_subnet_1",
            "aws_vpc.tp_cloud_devops_vpc"
          ]
        }
      ]
    },
    {
      "mode": "managed",
      "type": "aws_route_table_association",
      "name": "public_rta2",
      "provider": "provider[\"registry.terraform.io/hashicorp/aws\"]",
      "instances": [
        {
          "schema_version": 0,
          "attributes": {
            "gateway_id": "",
            "id": "rtbassoc-0fb6821a9d5025b74",
            "route_table_id": "rtb-005f1b8ba1ac32760",
            "subnet_id": "subnet-00b96fb6fd900d145",
            "timeouts": null
          },
          "sensitive_attributes": [],
          "private": "eyJlMmJmYjczMC1lY2FhLTExZTYtOGY4OC0zNDM2M2JjN2M0YzAiOnsiY3JlYXRlIjozMDAwMDAwMDAwMDAsImRlbGV0ZSI6MzAwMDAwMDAwMDAwLCJ1cGRhdGUiOjEyMDAwMDAwMDAwMH19",
          "dependencies": [
            "aws_internet_gateway.main_gateway",
            "aws_route_table.public_route_table",
            "aws_subnet.public_subnet_2",
            "aws_vpc.tp_cloud_devops_vpc"
          ]
        }
      ]
    },
    {
      "mode": "managed",
      "type": "aws_s3_object",
      "name": "private_key_object",
      "provider": "provider[\"registry.terraform.io/hashicorp/aws\"]",
      "instances": [
        {
          "schema_version": 0,
          "attributes": {
            "acl": "private",
            "arn": "arn:aws:s3:::custom-terraform-state-bucket-123456-8086a56c/deployer_key.pem",
            "bucket": "custom-terraform-state-bucket-123456-8086a56c",
            "bucket_key_enabled": false,
            "cache_control": "",
            "checksum_algorithm": null,
            "checksum_crc32": "",
            "checksum_crc32c": "",
            "checksum_sha1": "",
            "checksum_sha256": "",
            "content": "-----BEGIN RSA PRIVATE KEY-----\nMIIEowIBAAKCAQEAtKS0YPYvuwJ+fYK3kOhh1SEmPvc2ZNXF+aSmhVomMayPqV3+\nYyAjSSn3jRHCxRiN9g0LYrJ+m4gJypuB37XIeEm93uDy0QP1gCRnvIgccLAUryW9\n1u7izWbSpgEVO8jr7pN5X+RJnyqr4YKIimUrCM5DEjLjN+TJu5cy7/GLstmzBirS\naP8Rme1rDPlH9FwE4D5/60FjAwgGLJfM980xydIM8X2evWLXXc6y1Sa0i+5aEYeq\nIeDLqObB4PCQMZXNfx0BkjID73knSEvvCowDRo0FeBkvDbqi7m+VsRP+hllIrEFW\nroRDvHI/xDdrO2cDO6kRJ3BECZh5GtOOkUu6RwIDAQABAoIBABfGCVstazCwblc0\nSdZPTvjOqQrmXAk/PRPSwHuSVq546FtA3IbNJvetB0BQkxJ/XceBBfuSRClR6P/6\nIUiA0wZJpixb7HjnjXq0z9Y3D48hDUfTrr1HqR+hJZ3lTJcWpT47uGCPWcURx5ch\nJ7kXAWfiRV9yxQaJHKeMiY6cemcqGNMtPcVsL6A4PLNOUkguyzNkengvBLmk2CKR\nAqWfiwhV/Uk+j4RJtHUbwVReIWZIC7ni1XeV8FkGiYj9Pd1LuE3dGsGlTcJTVen/\nqKJ7GcDk5h6mQ7fPX/TDbOJTmLSlPV+9bpLAiRNr8h0afuuoyN8X7E20lxEPWhFX\naKYccrECgYEA1KcInH4SOcW1gcU0VmT1pwIt1brcyhD0HSrImBJK/98xeIYt+fvM\n2J/UnINhmfsigBpf5RN/W3Q5RtokVxByPEEdeb1ET1EH7x92y8tVxrusUm9hZjQO\n7NYNYZ6Uqk+jeev0sFfhQ49VXlHt5NB932Shi3HcbzXldtJiRcD5JukCgYEA2XdS\nYnqkgjdquk8CyBw8Ft1VJLF2OxL6LuTdr0hmithInbPTpI2MWzRWzFIVMMFAnewo\nHY2NZehPuxexZU8J0OQU8SXeBZmhkBhIfVM5jces0PdQN1JDNfy9N1/NcuWX29dW\ndwVtBAk6R169KYLQEsbjkQ7681HkIKBQdRUmea8CgYAn2i3Y9h+ASDcd3NFUJ5OJ\n+vSQC3b5P3ggRzZUmYkIrtFcnvja0n+vUTTNKCoQa2opy8eQ7Lh/cSaSyqroziI6\nfJGDkR7OJodwHttqke6/UciXolwEhVkOtYbIdqmxyT7/yGKQ8cc7nA8JoB0PNquA\nRCGqOmpvRRB91iuomuOWkQKBgQDQ6WdUwfsuOWynhOXoNe+oC4MTGAS75ZRA3o71\nJ/mSowrHrYzBhVXz/EjySlyfFNgtnkQ/d9ABuXZ3BuDdsVt9uM9Bhx5OhPOHyTxC\nYWRmBw/HQ/9k1ftJbv6bpsZo/ZWwlaMz/htniDHbhHD24vtfPoA5x4lfnSkqCrig\ncewfcwKBgCKPPrYf7DQxOEf/n9c3ZILly/30viB3NfAoZaUO+fFTR/8jqaeLpYVP\n6jAzZvcOmUdboreZMV2TiI9I+aJ6KfPHtavfCtV1WXvFVekpJAybkCiLuqhMHCcL\n79unADeN2BVErCZiW8mM8PKSf3saCZDcFmyZeScfGR8G+ADsnF+5\n-----END RSA PRIVATE KEY-----\n",
            "content_base64": null,
            "content_disposition": "",
            "content_encoding": "",
            "content_language": "",
            "content_type": "application/octet-stream",
            "etag": "cbd792f537e6db845d5dd215fd1466a4",
            "force_destroy": false,
            "id": "deployer_key.pem",
            "key": "deployer_key.pem",
            "kms_key_id": null,
            "metadata": null,
            "object_lock_legal_hold_status": "",
            "object_lock_mode": "",
            "object_lock_retain_until_date": "",
            "override_provider": [],
            "server_side_encryption": "AES256",
            "source": null,
            "source_hash": null,
            "storage_class": "STANDARD",
            "tags": null,
            "tags_all": {},
            "version_id": "R4CUj1xoAK8HTx_g.w5SZIJWn9_TyggC",
            "website_redirect": ""
          },
          "sensitive_attributes": [
            [
              {
                "type": "get_attr",
                "value": "content"
              }
            ]
          ],
          "private": "bnVsbA==",
          "dependencies": [
            "tls_private_key.example_ssh_key"
          ]
        }
      ]
    },
    {
      "mode": "managed",
      "type": "aws_security_group",
      "name": "web_sg",
      "provider": "provider[\"registry.terraform.io/hashicorp/aws\"]",
      "instances": [
        {
          "schema_version": 1,
          "attributes": {
            "arn": "arn:aws:ec2:us-east-1:897729131226:security-group/sg-044f7951db330b0e7",
            "description": "Security group for web server and SSH access",
            "egress": [],
            "id": "sg-044f7951db330b0e7",
            "ingress": [],
            "name": "web-server-sg",
            "name_prefix": "",
            "owner_id": "897729131226",
            "revoke_rules_on_delete": false,
            "tags": null,
            "tags_all": {},
            "timeouts": null,
            "vpc_id": "vpc-08293887d4ff580c1"
          },
          "sensitive_attributes": [],
          "private": "eyJlMmJmYjczMC1lY2FhLTExZTYtOGY4OC0zNDM2M2JjN2M0YzAiOnsiY3JlYXRlIjo2MDAwMDAwMDAwMDAsImRlbGV0ZSI6OTAwMDAwMDAwMDAwfSwic2NoZW1hX3ZlcnNpb24iOiIxIn0=",
          "dependencies": [
            "aws_vpc.tp_cloud_devops_vpc"
          ]
        }
      ]
    },
    {
      "mode": "managed",
      "type": "aws_security_group_rule",
      "name": "allow_all_outbound",
      "provider": "provider[\"registry.terraform.io/hashicorp/aws\"]",
      "instances": [
        {
          "schema_version": 2,
          "attributes": {
            "cidr_blocks": [
              "0.0.0.0/0"
            ],
            "description": null,
            "from_port": 0,
            "id": "sgrule-3786342182",
            "ipv6_cidr_blocks": null,
            "prefix_list_ids": null,
            "protocol": "-1",
            "security_group_id": "sg-044f7951db330b0e7",
            "security_group_rule_id": "sgr-0b96798c6c750ebbc",
            "self": false,
            "source_security_group_id": null,
            "timeouts": null,
            "to_port": 0,
            "type": "egress"
          },
          "sensitive_attributes": [],
          "private": "eyJlMmJmYjczMC1lY2FhLTExZTYtOGY4OC0zNDM2M2JjN2M0YzAiOnsiY3JlYXRlIjozMDAwMDAwMDAwMDB9LCJzY2hlbWFfdmVyc2lvbiI6IjIifQ==",
          "dependencies": [
            "aws_security_group.web_sg",
            "aws_vpc.tp_cloud_devops_vpc"
          ]
        }
      ]
    },
    {
      "mode": "managed",
      "type": "aws_security_group_rule",
      "name": "allow_web_http_inbound",
      "provider": "provider[\"registry.terraform.io/hashicorp/aws\"]",
      "instances": [
        {
          "schema_version": 2,
          "attributes": {
            "cidr_blocks": [
              "0.0.0.0/0"
            ],
            "description": null,
            "from_port": 8080,
            "id": "sgrule-953670473",
            "ipv6_cidr_blocks": null,
            "prefix_list_ids": null,
            "protocol": "tcp",
            "security_group_id": "sg-044f7951db330b0e7",
            "security_group_rule_id": "sgr-09cd1af5febdf7374",
            "self": false,
            "source_security_group_id": null,
            "timeouts": null,
            "to_port": 8080,
            "type": "ingress"
          },
          "sensitive_attributes": [],
          "private": "eyJlMmJmYjczMC1lY2FhLTExZTYtOGY4OC0zNDM2M2JjN2M0YzAiOnsiY3JlYXRlIjozMDAwMDAwMDAwMDB9LCJzY2hlbWFfdmVyc2lvbiI6IjIifQ==",
          "dependencies": [
            "aws_security_group.web_sg",
            "aws_vpc.tp_cloud_devops_vpc"
          ]
        }
      ]
    },
    {
      "mode": "managed",
      "type": "aws_security_group_rule",
      "name": "allow_web_http_inbound-80",
      "provider": "provider[\"registry.terraform.io/hashicorp/aws\"]",
      "instances": [
        {
          "schema_version": 2,
          "attributes": {
            "cidr_blocks": [
              "0.0.0.0/0"
            ],
            "description": null,
            "from_port": 80,
            "id": "sgrule-1615788843",
            "ipv6_cidr_blocks": null,
            "prefix_list_ids": null,
            "protocol": "tcp",
            "security_group_id": "sg-044f7951db330b0e7",
            "security_group_rule_id": "sgr-0aa29e5bd619b5e6e",
            "self": false,
            "source_security_group_id": null,
            "timeouts": null,
            "to_port": 80,
            "type": "ingress"
          },
          "sensitive_attributes": [],
          "private": "eyJlMmJmYjczMC1lY2FhLTExZTYtOGY4OC0zNDM2M2JjN2M0YzAiOnsiY3JlYXRlIjozMDAwMDAwMDAwMDB9LCJzY2hlbWFfdmVyc2lvbiI6IjIifQ==",
          "dependencies": [
            "aws_security_group.web_sg",
            "aws_vpc.tp_cloud_devops_vpc"
          ]
        }
      ]
    },
    {
      "mode": "managed",
      "type": "aws_security_group_rule",
      "name": "allow_web_ssh_inbound",
      "provider": "provider[\"registry.terraform.io/hashicorp/aws\"]",
      "instances": [
        {
          "schema_version": 2,
          "attributes": {
            "cidr_blocks": [
              "0.0.0.0/0"
            ],
            "description": null,
            "from_port": 22,
            "id": "sgrule-3603211934",
            "ipv6_cidr_blocks": null,
            "prefix_list_ids": null,
            "protocol": "tcp",
            "security_group_id": "sg-044f7951db330b0e7",
            "security_group_rule_id": "sgr-0decc6e716de25c11",
            "self": false,
            "source_security_group_id": null,
            "timeouts": null,
            "to_port": 22,
            "type": "ingress"
          },
          "sensitive_attributes": [],
          "private": "eyJlMmJmYjczMC1lY2FhLTExZTYtOGY4OC0zNDM2M2JjN2M0YzAiOnsiY3JlYXRlIjozMDAwMDAwMDAwMDB9LCJzY2hlbWFfdmVyc2lvbiI6IjIifQ==",
          "dependencies": [
            "aws_security_group.web_sg",
            "aws_vpc.tp_cloud_devops_vpc"
          ]
        }
      ]
    },
    {
      "mode": "managed",
      "type": "aws_subnet",
      "name": "public_subnet_1",
      "provider": "provider[\"registry.terraform.io/hashicorp/aws\"]",
      "instances": [
        {
          "schema_version": 1,
          "attributes": {
            "arn": "arn:aws:ec2:us-east-1:897729131226:subnet/subnet-0225ca16da7338d7c",
            "assign_ipv6_address_on_creation": false,
            "availability_zone": "us-east-1a",
            "availability_zone_id": "use1-az6",
            "cidr_block": "10.0.1.0/24",
            "customer_owned_ipv4_pool": "",
            "enable_dns64": false,
            "enable_lni_at_device_index": 0,
            "enable_resource_name_dns_a_record_on_launch": false,
            "enable_resource_name_dns_aaaa_record_on_launch": false,
            "id": "subnet-0225ca16da7338d7c",
            "ipv6_cidr_block": "",
            "ipv6_cidr_block_association_id": "",
            "ipv6_native": false,
            "map_customer_owned_ip_on_launch": false,
            "map_public_ip_on_launch": true,
            "outpost_arn": "",
            "owner_id": "897729131226",
            "private_dns_hostname_type_on_launch": "ip-name",
            "tags": {
              "Name": "PublicSubnet1"
            },
            "tags_all": {
              "Name": "PublicSubnet1"
            },
            "timeouts": null,
            "vpc_id": "vpc-08293887d4ff580c1"
          },
          "sensitive_attributes": [],
          "private": "eyJlMmJmYjczMC1lY2FhLTExZTYtOGY4OC0zNDM2M2JjN2M0YzAiOnsiY3JlYXRlIjo2MDAwMDAwMDAwMDAsImRlbGV0ZSI6MTIwMDAwMDAwMDAwMH0sInNjaGVtYV92ZXJzaW9uIjoiMSJ9",
          "dependencies": [
            "aws_vpc.tp_cloud_devops_vpc"
          ]
        }
      ]
    },
    {
      "mode": "managed",
      "type": "aws_subnet",
      "name": "public_subnet_2",
      "provider": "provider[\"registry.terraform.io/hashicorp/aws\"]",
      "instances": [
        {
          "schema_version": 1,
          "attributes": {
            "arn": "arn:aws:ec2:us-east-1:897729131226:subnet/subnet-00b96fb6fd900d145",
            "assign_ipv6_address_on_creation": false,
            "availability_zone": "us-east-1b",
            "availability_zone_id": "use1-az1",
            "cidr_block": "10.0.2.0/24",
            "customer_owned_ipv4_pool": "",
            "enable_dns64": false,
            "enable_lni_at_device_index": 0,
            "enable_resource_name_dns_a_record_on_launch": false,
            "enable_resource_name_dns_aaaa_record_on_launch": false,
            "id": "subnet-00b96fb6fd900d145",
            "ipv6_cidr_block": "",
            "ipv6_cidr_block_association_id": "",
            "ipv6_native": false,
            "map_customer_owned_ip_on_launch": false,
            "map_public_ip_on_launch": true,
            "outpost_arn": "",
            "owner_id": "897729131226",
            "private_dns_hostname_type_on_launch": "ip-name",
            "tags": {
              "Name": "PublicSubnet2"
            },
            "tags_all": {
              "Name": "PublicSubnet2"
            },
            "timeouts": null,
            "vpc_id": "vpc-08293887d4ff580c1"
          },
          "sensitive_attributes": [],
          "private": "eyJlMmJmYjczMC1lY2FhLTExZTYtOGY4OC0zNDM2M2JjN2M0YzAiOnsiY3JlYXRlIjo2MDAwMDAwMDAwMDAsImRlbGV0ZSI6MTIwMDAwMDAwMDAwMH0sInNjaGVtYV92ZXJzaW9uIjoiMSJ9",
          "dependencies": [
            "aws_vpc.tp_cloud_devops_vpc"
          ]
        }
      ]
    },
    {
      "mode": "managed",
      "type": "aws_vpc",
      "name": "tp_cloud_devops_vpc",
      "provider": "provider[\"registry.terraform.io/hashicorp/aws\"]",
      "instances": [
        {
          "schema_version": 1,
          "attributes": {
            "arn": "arn:aws:ec2:us-east-1:897729131226:vpc/vpc-08293887d4ff580c1",
            "assign_generated_ipv6_cidr_block": false,
            "cidr_block": "10.0.0.0/16",
            "default_network_acl_id": "acl-09b0afb301d1e94a7",
            "default_route_table_id": "rtb-0bc1916623e6abbe1",
            "default_security_group_id": "sg-002021bb0230d3e3f",
            "dhcp_options_id": "dopt-077a075e10617b413",
            "enable_dns_hostnames": true,
            "enable_dns_support": true,
            "enable_network_address_usage_metrics": false,
            "id": "vpc-08293887d4ff580c1",
            "instance_tenancy": "default",
            "ipv4_ipam_pool_id": null,
            "ipv4_netmask_length": null,
            "ipv6_association_id": "",
            "ipv6_cidr_block": "",
            "ipv6_cidr_block_network_border_group": "",
            "ipv6_ipam_pool_id": "",
            "ipv6_netmask_length": 0,
            "main_route_table_id": "rtb-0bc1916623e6abbe1",
            "owner_id": "897729131226",
            "tags": {
              "Name": "tp_cloud_devops_vpc"
            },
            "tags_all": {
              "Name": "tp_cloud_devops_vpc"
            }
          },
          "sensitive_attributes": [],
          "private": "eyJzY2hlbWFfdmVyc2lvbiI6IjEifQ=="
        }
      ]
    },
    {
      "mode": "managed",
      "type": "tls_private_key",
      "name": "example_ssh_key",
      "provider": "provider[\"registry.terraform.io/hashicorp/tls\"]",
      "instances": [
        {
          "schema_version": 1,
          "attributes": {
            "algorithm": "RSA",
            "ecdsa_curve": "P224",
            "id": "ccddacedaf62e2cfebb125c1bf908a3520b4d2f7",
            "private_key_openssh": "-----BEGIN OPENSSH PRIVATE KEY-----\nb3BlbnNzaC1rZXktdjEAAAAABG5vbmUAAAAEbm9uZQAAAAAAAAABAAABFwAAAAdz\nc2gtcnNhAAAAAwEAAQAAAQEAtKS0YPYvuwJ+fYK3kOhh1SEmPvc2ZNXF+aSmhVom\nMayPqV3+YyAjSSn3jRHCxRiN9g0LYrJ+m4gJypuB37XIeEm93uDy0QP1gCRnvIgc\ncLAUryW91u7izWbSpgEVO8jr7pN5X+RJnyqr4YKIimUrCM5DEjLjN+TJu5cy7/GL\nstmzBirSaP8Rme1rDPlH9FwE4D5/60FjAwgGLJfM980xydIM8X2evWLXXc6y1Sa0\ni+5aEYeqIeDLqObB4PCQMZXNfx0BkjID73knSEvvCowDRo0FeBkvDbqi7m+VsRP+\nhllIrEFWroRDvHI/xDdrO2cDO6kRJ3BECZh5GtOOkUu6RwAAA7jSpbpt0qW6bQAA\nAAdzc2gtcnNhAAABAQC0pLRg9i+7An59greQ6GHVISY+9zZk1cX5pKaFWiYxrI+p\nXf5jICNJKfeNEcLFGI32DQtisn6biAnKm4Hftch4Sb3e4PLRA/WAJGe8iBxwsBSv\nJb3W7uLNZtKmARU7yOvuk3lf5EmfKqvhgoiKZSsIzkMSMuM35Mm7lzLv8Yuy2bMG\nKtJo/xGZ7WsM+Uf0XATgPn/rQWMDCAYsl8z3zTHJ0gzxfZ69YtddzrLVJrSL7loR\nh6oh4Muo5sHg8JAxlc1/HQGSMgPveSdIS+8KjANGjQV4GS8NuqLub5WxE/6GWUis\nQVauhEO8cj/EN2s7ZwM7qREncEQJmHka046RS7pHAAAAAwEAAQAAAQAXxglbLWsw\nsG5XNEnWT074zqkK5lwJPz0T0sB7klaueOhbQNyGzSb3rQdAUJMSf13HgQX7kkQp\nUej/+iFIgNMGSaYsW+x45416tM/WNw+PIQ1H0669R6kfoSWd5UyXFqU+O7hgj1nF\nEceXISe5FwFn4kVfcsUGiRynjImOnHpnKhjTLT3FbC+gODyzTlJILsszZHp4LwS5\npNgikQKln4sIVf1JPo+ESbR1G8FUXiFmSAu54tV3lfBZBomI/T3dS7hN3RrBpU3C\nU1Xp/6iiexnA5OYepkO3z1/0w2ziU5i0pT1fvW6SwIkTa/IdGn7rqMjfF+xNtJcR\nD1oRV2imHHKxAAAAgCKPPrYf7DQxOEf/n9c3ZILly/30viB3NfAoZaUO+fFTR/8j\nqaeLpYVP6jAzZvcOmUdboreZMV2TiI9I+aJ6KfPHtavfCtV1WXvFVekpJAybkCiL\nuqhMHCcL79unADeN2BVErCZiW8mM8PKSf3saCZDcFmyZeScfGR8G+ADsnF+5AAAA\ngQDUpwicfhI5xbWBxTRWZPWnAi3VutzKEPQdKsiYEkr/3zF4hi35+8zYn9Scg2GZ\n+yKAGl/lE39bdDlG2iRXEHI8QR15vURPUQfvH3bLy1XGu6xSb2FmNA7s1g1hnpSq\nT6N56/SwV+FDj1VeUe3k0H3fZKGLcdxvNeV20mJFwPkm6QAAAIEA2XdSYnqkgjdq\nuk8CyBw8Ft1VJLF2OxL6LuTdr0hmithInbPTpI2MWzRWzFIVMMFAnewoHY2NZehP\nuxexZU8J0OQU8SXeBZmhkBhIfVM5jces0PdQN1JDNfy9N1/NcuWX29dWdwVtBAk6\nR169KYLQEsbjkQ7681HkIKBQdRUmea8AAAAAAQID\n-----END OPENSSH PRIVATE KEY-----\n",
            "private_key_pem": "-----BEGIN RSA PRIVATE KEY-----\nMIIEowIBAAKCAQEAtKS0YPYvuwJ+fYK3kOhh1SEmPvc2ZNXF+aSmhVomMayPqV3+\nYyAjSSn3jRHCxRiN9g0LYrJ+m4gJypuB37XIeEm93uDy0QP1gCRnvIgccLAUryW9\n1u7izWbSpgEVO8jr7pN5X+RJnyqr4YKIimUrCM5DEjLjN+TJu5cy7/GLstmzBirS\naP8Rme1rDPlH9FwE4D5/60FjAwgGLJfM980xydIM8X2evWLXXc6y1Sa0i+5aEYeq\nIeDLqObB4PCQMZXNfx0BkjID73knSEvvCowDRo0FeBkvDbqi7m+VsRP+hllIrEFW\nroRDvHI/xDdrO2cDO6kRJ3BECZh5GtOOkUu6RwIDAQABAoIBABfGCVstazCwblc0\nSdZPTvjOqQrmXAk/PRPSwHuSVq546FtA3IbNJvetB0BQkxJ/XceBBfuSRClR6P/6\nIUiA0wZJpixb7HjnjXq0z9Y3D48hDUfTrr1HqR+hJZ3lTJcWpT47uGCPWcURx5ch\nJ7kXAWfiRV9yxQaJHKeMiY6cemcqGNMtPcVsL6A4PLNOUkguyzNkengvBLmk2CKR\nAqWfiwhV/Uk+j4RJtHUbwVReIWZIC7ni1XeV8FkGiYj9Pd1LuE3dGsGlTcJTVen/\nqKJ7GcDk5h6mQ7fPX/TDbOJTmLSlPV+9bpLAiRNr8h0afuuoyN8X7E20lxEPWhFX\naKYccrECgYEA1KcInH4SOcW1gcU0VmT1pwIt1brcyhD0HSrImBJK/98xeIYt+fvM\n2J/UnINhmfsigBpf5RN/W3Q5RtokVxByPEEdeb1ET1EH7x92y8tVxrusUm9hZjQO\n7NYNYZ6Uqk+jeev0sFfhQ49VXlHt5NB932Shi3HcbzXldtJiRcD5JukCgYEA2XdS\nYnqkgjdquk8CyBw8Ft1VJLF2OxL6LuTdr0hmithInbPTpI2MWzRWzFIVMMFAnewo\nHY2NZehPuxexZU8J0OQU8SXeBZmhkBhIfVM5jces0PdQN1JDNfy9N1/NcuWX29dW\ndwVtBAk6R169KYLQEsbjkQ7681HkIKBQdRUmea8CgYAn2i3Y9h+ASDcd3NFUJ5OJ\n+vSQC3b5P3ggRzZUmYkIrtFcnvja0n+vUTTNKCoQa2opy8eQ7Lh/cSaSyqroziI6\nfJGDkR7OJodwHttqke6/UciXolwEhVkOtYbIdqmxyT7/yGKQ8cc7nA8JoB0PNquA\nRCGqOmpvRRB91iuomuOWkQKBgQDQ6WdUwfsuOWynhOXoNe+oC4MTGAS75ZRA3o71\nJ/mSowrHrYzBhVXz/EjySlyfFNgtnkQ/d9ABuXZ3BuDdsVt9uM9Bhx5OhPOHyTxC\nYWRmBw/HQ/9k1ftJbv6bpsZo/ZWwlaMz/htniDHbhHD24vtfPoA5x4lfnSkqCrig\ncewfcwKBgCKPPrYf7DQxOEf/n9c3ZILly/30viB3NfAoZaUO+fFTR/8jqaeLpYVP\n6jAzZvcOmUdboreZMV2TiI9I+aJ6KfPHtavfCtV1WXvFVekpJAybkCiLuqhMHCcL\n79unADeN2BVErCZiW8mM8PKSf3saCZDcFmyZeScfGR8G+ADsnF+5\n-----END RSA PRIVATE KEY-----\n",
            "private_key_pem_pkcs8": "-----BEGIN PRIVATE KEY-----\nMIIEvQIBADANBgkqhkiG9w0BAQEFAASCBKcwggSjAgEAAoIBAQC0pLRg9i+7An59\ngreQ6GHVISY+9zZk1cX5pKaFWiYxrI+pXf5jICNJKfeNEcLFGI32DQtisn6biAnK\nm4Hftch4Sb3e4PLRA/WAJGe8iBxwsBSvJb3W7uLNZtKmARU7yOvuk3lf5EmfKqvh\ngoiKZSsIzkMSMuM35Mm7lzLv8Yuy2bMGKtJo/xGZ7WsM+Uf0XATgPn/rQWMDCAYs\nl8z3zTHJ0gzxfZ69YtddzrLVJrSL7loRh6oh4Muo5sHg8JAxlc1/HQGSMgPveSdI\nS+8KjANGjQV4GS8NuqLub5WxE/6GWUisQVauhEO8cj/EN2s7ZwM7qREncEQJmHka\n046RS7pHAgMBAAECggEAF8YJWy1rMLBuVzRJ1k9O+M6pCuZcCT89E9LAe5JWrnjo\nW0Dchs0m960HQFCTEn9dx4EF+5JEKVHo//ohSIDTBkmmLFvseOeNerTP1jcPjyEN\nR9OuvUepH6ElneVMlxalPju4YI9ZxRHHlyEnuRcBZ+JFX3LFBokcp4yJjpx6ZyoY\n0y09xWwvoDg8s05SSC7LM2R6eC8EuaTYIpECpZ+LCFX9ST6PhEm0dRvBVF4hZkgL\nueLVd5XwWQaJiP093Uu4Td0awaVNwlNV6f+oonsZwOTmHqZDt89f9MNs4lOYtKU9\nX71uksCJE2vyHRp+66jI3xfsTbSXEQ9aEVdophxysQKBgQDUpwicfhI5xbWBxTRW\nZPWnAi3VutzKEPQdKsiYEkr/3zF4hi35+8zYn9Scg2GZ+yKAGl/lE39bdDlG2iRX\nEHI8QR15vURPUQfvH3bLy1XGu6xSb2FmNA7s1g1hnpSqT6N56/SwV+FDj1VeUe3k\n0H3fZKGLcdxvNeV20mJFwPkm6QKBgQDZd1JieqSCN2q6TwLIHDwW3VUksXY7Evou\n5N2vSGaK2Eids9OkjYxbNFbMUhUwwUCd7CgdjY1l6E+7F7FlTwnQ5BTxJd4FmaGQ\nGEh9UzmNx6zQ91A3UkM1/L03X81y5Zfb11Z3BW0ECTpHXr0pgtASxuORDvrzUeQg\noFB1FSZ5rwKBgCfaLdj2H4BINx3c0VQnk4n69JALdvk/eCBHNlSZiQiu0Vye+NrS\nf69RNM0oKhBrainLx5DsuH9xJpLKqujOIjp8kYORHs4mh3Ae22qR7r9RyJeiXASF\nWQ61hsh2qbHJPv/IYpDxxzucDwmgHQ82q4BEIao6am9FEH3WK6ia45aRAoGBANDp\nZ1TB+y45bKeE5eg176gLgxMYBLvllEDejvUn+ZKjCsetjMGFVfP8SPJKXJ8U2C2e\nRD930AG5dncG4N2xW324z0GHHk6E84fJPEJhZGYHD8dD/2TV+0lu/pumxmj9lbCV\nozP+G2eIMduEcPbi+18+gDnHiV+dKSoKuKBx7B9zAoGAIo8+th/sNDE4R/+f1zdk\nguXL/fS+IHc18ChlpQ758VNH/yOpp4ulhU/qMDNm9w6ZR1uit5kxXZOIj0j5onop\n88e1q98K1XVZe8VV6SkkDJuQKIu6qEwcJwvv26cAN43YFUSsJmJbyYzw8pJ/exoJ\nkNwWbJl5Jx8ZHwb4AOycX7k=\n-----END PRIVATE KEY-----\n",
            "public_key_fingerprint_md5": "64:3a:10:cc:2f:85:e4:4f:bf:36:b7:83:2d:66:71:df",
            "public_key_fingerprint_sha256": "SHA256:4OSkBKk2nkMzmRt4/N61lnR3i8+tlQTgz9HdWhECaTA",
            "public_key_openssh": "ssh-rsa AAAAB3NzaC1yc2EAAAADAQABAAABAQC0pLRg9i+7An59greQ6GHVISY+9zZk1cX5pKaFWiYxrI+pXf5jICNJKfeNEcLFGI32DQtisn6biAnKm4Hftch4Sb3e4PLRA/WAJGe8iBxwsBSvJb3W7uLNZtKmARU7yOvuk3lf5EmfKqvhgoiKZSsIzkMSMuM35Mm7lzLv8Yuy2bMGKtJo/xGZ7WsM+Uf0XATgPn/rQWMDCAYsl8z3zTHJ0gzxfZ69YtddzrLVJrSL7loRh6oh4Muo5sHg8JAxlc1/HQGSMgPveSdIS+8KjANGjQV4GS8NuqLub5WxE/6GWUisQVauhEO8cj/EN2s7ZwM7qREncEQJmHka046RS7pH\n",
            "public_key_pem": "-----BEGIN PUBLIC KEY-----\nMIIBIjANBgkqhkiG9w0BAQEFAAOCAQ8AMIIBCgKCAQEAtKS0YPYvuwJ+fYK3kOhh\n1SEmPvc2ZNXF+aSmhVomMayPqV3+YyAjSSn3jRHCxRiN9g0LYrJ+m4gJypuB37XI\neEm93uDy0QP1gCRnvIgccLAUryW91u7izWbSpgEVO8jr7pN5X+RJnyqr4YKIimUr\nCM5DEjLjN+TJu5cy7/GLstmzBirSaP8Rme1rDPlH9FwE4D5/60FjAwgGLJfM980x\nydIM8X2evWLXXc6y1Sa0i+5aEYeqIeDLqObB4PCQMZXNfx0BkjID73knSEvvCowD\nRo0FeBkvDbqi7m+VsRP+hllIrEFWroRDvHI/xDdrO2cDO6kRJ3BECZh5GtOOkUu6\nRwIDAQAB\n-----END PUBLIC KEY-----\n",
            "rsa_bits": 2048
          },
          "sensitive_attributes": [
            [
              {
                "type": "get_attr",
                "value": "private_key_openssh"
              }
            ],
            [
              {
                "type": "get_attr",
                "value": "private_key_pem_pkcs8"
              }
            ],
            [
              {
                "type": "get_attr",
                "value": "private_key_pem"
              }
            ]
          ]
        }
      ]
    }
  ],
  "check_results": null
}
